{
  "lockfileVersion": 1,
  "configVersion": 1,
  "workspaces": {
    "": {
      "dependencies": {
        "@preact/signals": "^2.6.1",
      },
    },
  },
  "packages": {
    "@preact/signals": ["@preact/signals@2.6.1", "", { "dependencies": { "@preact/signals-core": "^1.12.2" }, "peerDependencies": { "preact": ">= 10.25.0 || >=11.0.0-0" } }, "sha512-Gp3DI1T/0YyirwJnImR8l9xyVJgKiVzJXmEhic1/7SPw3zStrsvuBpwKnD609CzsIdzxprWa6yTNXN+VLLZPGQ=="],

    "@preact/signals-core": ["@preact/signals-core@1.12.2", "", {}, "sha512-5Yf8h1Ke3SMHr15xl630KtwPTW4sYDFkkxS0vQ8UiQLWwZQnrF9IKaVG1mN5VcJz52EcWs2acsc/Npjha/7ysA=="],

    "preact": ["preact@10.28.2", "", {}, "sha512-lbteaWGzGHdlIuiJ0l2Jq454m6kcpI1zNje6d8MlGAFlYvP2GO4ibnat7P74Esfz4sPTdM6UxtTwh/d3pwM9JA=="],
  }
}
